
Microsoft Visual Studio Solution File, Format Version 12.00
# Visual Studio Version 17
VisualStudioVersion = 17.4.33213.308
MinimumVisualStudioVersion = 10.0.40219.1
Project("{FAE04EC0-301F-11D3-BF4B-00C04F79EFBC}") = "APOD", "APOD\APOD.csproj", "{79370C23-866E-494B-BEBD-C6901CFC9CEB}"
EndProject
Global
	GlobalSection(SolutionConfigurationPlatforms) = preSolution
		Debug|Any CPU = Debug|Any CPU
		Release|Any CPU = Release|Any CPU
	EndGlobalSection
	GlobalSection(ProjectConfigurationPlatforms) = postSolution
		{79370C23-866E-494B-BEBD-C6901CFC9CEB}.Debug|Any CPU.ActiveCfg = Debug|Any CPU
		{79370C23-866E-494B-BEBD-C6901CFC9CEB}.Debug|Any CPU.Build.0 = Debug|Any CPU
		{79370C23-866E-494B-BEBD-C6901CFC9CEB}.Release|Any CPU.ActiveCfg = Release|Any CPU
		{79370C23-866E-494B-BEBD-C6901CFC9CEB}.Release|Any CPU.Build.0 = Release|Any CPU
	EndGlobalSection
	GlobalSection(SolutionProperties) = preSolution
		HideSolutionNode = FALSE
	EndGlobalSection
	GlobalSection(ExtensibilityGlobals) = postSolution
		SolutionGuid = {E75C31F9-252C-4730-A39B-C9803942BF0F}
	EndGlobalSection
EndGlobal
